
Microsoft Visual Studio Solution File, Format Version 12.00
# Visual Studio Version 17
VisualStudioVersion = 17.8.34511.84
MinimumVisualStudioVersion = 10.0.40219.1
Project("{FAE04EC0-301F-11D3-BF4B-00C04F79EFBC}") = "MathGame.Maui", "MathGame.Maui\MathGame.Maui.csproj", "{2482BAA7-9905-4E23-BD0B-9289F7363F0B}"
EndProject
Global
	GlobalSection(SolutionConfigurationPlatforms) = preSolution
		Debug|Any CPU = Debug|Any CPU
		Release|Any CPU = Release|Any CPU
	EndGlobalSection
	GlobalSection(ProjectConfigurationPlatforms) = postSolution
		{2482BAA7-9905-4E23-BD0B-9289F7363F0B}.Debug|Any CPU.ActiveCfg = Debug|Any CPU
		{2482BAA7-9905-4E23-BD0B-9289F7363F0B}.Debug|Any CPU.Build.0 = Debug|Any CPU
		{2482BAA7-9905-4E23-BD0B-9289F7363F0B}.Debug|Any CPU.Deploy.0 = Debug|Any CPU
		{2482BAA7-9905-4E23-BD0B-9289F7363F0B}.Release|Any CPU.ActiveCfg = Release|Any CPU
		{2482BAA7-9905-4E23-BD0B-9289F7363F0B}.Release|Any CPU.Build.0 = Release|Any CPU
		{2482BAA7-9905-4E23-BD0B-9289F7363F0B}.Release|Any CPU.Deploy.0 = Release|Any CPU
	EndGlobalSection
	GlobalSection(SolutionProperties) = preSolution
		HideSolutionNode = FALSE
	EndGlobalSection
	GlobalSection(ExtensibilityGlobals) = postSolution
		SolutionGuid = {3B435634-EA5C-41D9-99D6-B9ED84629690}
	EndGlobalSection
EndGlobal
